
Microsoft Visual Studio Solution File, Format Version 12.00
# Visual Studio 15
Project("{FAE04EC0-301F-11D3-BF4B-00C04F79EFBC}") = "Assembly-CSharp", "Assembly-CSharp.csproj", "{F32C66CB-4049-8DFC-3DC6-D64E3D5F9B0A}"
EndProject
Project("{FAE04EC0-301F-11D3-BF4B-00C04F79EFBC}") = "Assembly-CSharp-Editor", "Assembly-CSharp-Editor.csproj", "{1DDC2456-577B-0A9A-906C-ADCD6471D52D}"
EndProject
Global
	GlobalSection(SolutionConfigurationPlatforms) = preSolution
		Debug|Any CPU = Debug|Any CPU
		Release|Any CPU = Release|Any CPU
	EndGlobalSection
	GlobalSection(ProjectConfigurationPlatforms) = postSolution
		{F32C66CB-4049-8DFC-3DC6-D64E3D5F9B0A}.Debug|Any CPU.ActiveCfg = Debug|Any CPU
		{F32C66CB-4049-8DFC-3DC6-D64E3D5F9B0A}.Debug|Any CPU.Build.0 = Debug|Any CPU
		{F32C66CB-4049-8DFC-3DC6-D64E3D5F9B0A}.Release|Any CPU.ActiveCfg = Release|Any CPU
		{F32C66CB-4049-8DFC-3DC6-D64E3D5F9B0A}.Release|Any CPU.Build.0 = Release|Any CPU
		{1DDC2456-577B-0A9A-906C-ADCD6471D52D}.Debug|Any CPU.ActiveCfg = Debug|Any CPU
		{1DDC2456-577B-0A9A-906C-ADCD6471D52D}.Debug|Any CPU.Build.0 = Debug|Any CPU
		{1DDC2456-577B-0A9A-906C-ADCD6471D52D}.Release|Any CPU.ActiveCfg = Release|Any CPU
		{1DDC2456-577B-0A9A-906C-ADCD6471D52D}.Release|Any CPU.Build.0 = Release|Any CPU
	EndGlobalSection
	GlobalSection(SolutionProperties) = preSolution
		HideSolutionNode = FALSE
	EndGlobalSection
EndGlobal
